
Microsoft Visual Studio Solution File, Format Version 12.00
# Visual Studio Version 16
VisualStudioVersion = 16.0.31702.278
MinimumVisualStudioVersion = 10.0.40219.1
Project("{9A19103F-16F7-4668-BE54-9A1E7A4F7556}") = "IdentityServer", "IdentityServer\IdentityServer.csproj", "{E44C5239-6921-46C5-9269-A82DD4CA57FA}"
EndProject
Project("{FAE04EC0-301F-11D3-BF4B-00C04F79EFBC}") = "Identity.Data", "Identity.Data\Identity.Data.csproj", "{FD75AAEE-99B8-4EB7-8F7A-660C47E69CC6}"
EndProject
Project("{FAE04EC0-301F-11D3-BF4B-00C04F79EFBC}") = "Identity.Domain", "Identity.Domain\Identity.Domain.csproj", "{4D8C78EA-ACCF-499D-8B2C-227D6B130ED7}"
EndProject
Project("{FAE04EC0-301F-11D3-BF4B-00C04F79EFBC}") = "Identity.Applicatiion", "Identity.Applicatiion\Identity.Applicatiion.csproj", "{E4304C0D-62DC-483C-B756-223D90220BC9}"
EndProject
Project("{FAE04EC0-301F-11D3-BF4B-00C04F79EFBC}") = "Identity.Infrastructure", "Identity.Infrastructure\Identity.Infrastructure.csproj", "{95AEB1EE-CC2B-4456-9246-076E6DA6041E}"
EndProject
Global
	GlobalSection(SolutionConfigurationPlatforms) = preSolution
		Debug|Any CPU = Debug|Any CPU
		Release|Any CPU = Release|Any CPU
	EndGlobalSection
	GlobalSection(ProjectConfigurationPlatforms) = postSolution
		{E44C5239-6921-46C5-9269-A82DD4CA57FA}.Debug|Any CPU.ActiveCfg = Debug|Any CPU
		{E44C5239-6921-46C5-9269-A82DD4CA57FA}.Debug|Any CPU.Build.0 = Debug|Any CPU
		{E44C5239-6921-46C5-9269-A82DD4CA57FA}.Release|Any CPU.ActiveCfg = Release|Any CPU
		{E44C5239-6921-46C5-9269-A82DD4CA57FA}.Release|Any CPU.Build.0 = Release|Any CPU
		{FD75AAEE-99B8-4EB7-8F7A-660C47E69CC6}.Debug|Any CPU.ActiveCfg = Debug|Any CPU
		{FD75AAEE-99B8-4EB7-8F7A-660C47E69CC6}.Debug|Any CPU.Build.0 = Debug|Any CPU
		{FD75AAEE-99B8-4EB7-8F7A-660C47E69CC6}.Release|Any CPU.ActiveCfg = Release|Any CPU
		{FD75AAEE-99B8-4EB7-8F7A-660C47E69CC6}.Release|Any CPU.Build.0 = Release|Any CPU
		{4D8C78EA-ACCF-499D-8B2C-227D6B130ED7}.Debug|Any CPU.ActiveCfg = Debug|Any CPU
		{4D8C78EA-ACCF-499D-8B2C-227D6B130ED7}.Debug|Any CPU.Build.0 = Debug|Any CPU
		{4D8C78EA-ACCF-499D-8B2C-227D6B130ED7}.Release|Any CPU.ActiveCfg = Release|Any CPU
		{4D8C78EA-ACCF-499D-8B2C-227D6B130ED7}.Release|Any CPU.Build.0 = Release|Any CPU
		{E4304C0D-62DC-483C-B756-223D90220BC9}.Debug|Any CPU.ActiveCfg = Debug|Any CPU
		{E4304C0D-62DC-483C-B756-223D90220BC9}.Debug|Any CPU.Build.0 = Debug|Any CPU
		{E4304C0D-62DC-483C-B756-223D90220BC9}.Release|Any CPU.ActiveCfg = Release|Any CPU
		{E4304C0D-62DC-483C-B756-223D90220BC9}.Release|Any CPU.Build.0 = Release|Any CPU
		{95AEB1EE-CC2B-4456-9246-076E6DA6041E}.Debug|Any CPU.ActiveCfg = Debug|Any CPU
		{95AEB1EE-CC2B-4456-9246-076E6DA6041E}.Debug|Any CPU.Build.0 = Debug|Any CPU
		{95AEB1EE-CC2B-4456-9246-076E6DA6041E}.Release|Any CPU.ActiveCfg = Release|Any CPU
		{95AEB1EE-CC2B-4456-9246-076E6DA6041E}.Release|Any CPU.Build.0 = Release|Any CPU
	EndGlobalSection
	GlobalSection(SolutionProperties) = preSolution
		HideSolutionNode = FALSE
	EndGlobalSection
	GlobalSection(ExtensibilityGlobals) = postSolution
		SolutionGuid = {AF0A2548-1BB7-4589-BB1D-78427E1080D4}
	EndGlobalSection
EndGlobal
